// !$*UTF8*$!
{
	archiveVersion = 1;
	classes = {
	};
	objectVersion = 51;
	objects = {

/* Begin PBXBuildFile section */
		6478512570C2277E17582F3F /* Pods_QLTest.framework in Frameworks */ = {isa = PBXBuildFile; fileRef = 60059D0F878F9DD78F47455B /* Pods_QLTest.framework */; };
		B01B42D324C3FCFA00307780 /* HerosAndFriends.graphql in Resources */ = {isa = PBXBuildFile; fileRef = B01B42D224C3FCFA00307780 /* HerosAndFriends.graphql */; };
		B03A8F3A24C1625000D8384F /* AppDelegate.swift in Sources */ = {isa = PBXBuildFile; fileRef = B03A8F3924C1625000D8384F /* AppDelegate.swift */; };
		B03A8F3C24C1625000D8384F /* SceneDelegate.swift in Sources */ = {isa = PBXBuildFile; fileRef = B03A8F3B24C1625000D8384F /* SceneDelegate.swift */; };
		B03A8F3E24C1625000D8384F /* ViewController.swift in Sources */ = {isa = PBXBuildFile; fileRef = B03A8F3D24C1625000D8384F /* ViewController.swift */; };
		B03A8F4124C1625000D8384F /* Main.storyboard in Resources */ = {isa = PBXBuildFile; fileRef = B03A8F3F24C1625000D8384F /* Main.storyboard */; };
		B03A8F4324C1625400D8384F /* Assets.xcassets in Resources */ = {isa = PBXBuildFile; fileRef = B03A8F4224C1625400D8384F /* Assets.xcassets */; };
		B03A8F4624C1625400D8384F /* LaunchScreen.storyboard in Resources */ = {isa = PBXBuildFile; fileRef = B03A8F4424C1625400D8384F /* LaunchScreen.storyboard */; };
		B03A8F5024C1645300D8384F /* Hero.graphql in Resources */ = {isa = PBXBuildFile; fileRef = B03A8F4F24C1645300D8384F /* Hero.graphql */; };
		B03A8F5324C166C800D8384F /* schema.json in Resources */ = {isa = PBXBuildFile; fileRef = B03A8F5224C166C800D8384F /* schema.json */; };
		B03A8F5524C166FB00D8384F /* API.swift in Sources */ = {isa = PBXBuildFile; fileRef = B03A8F5424C166FB00D8384F /* API.swift */; };
		B03A8F5724C16BF600D8384F /* Network.swift in Sources */ = {isa = PBXBuildFile; fileRef = B03A8F5624C16BF600D8384F /* Network.swift */; };
		B03A8F5D24C2992A00D8384F /* ReviewMutation.graphql in Resources */ = {isa = PBXBuildFile; fileRef = B03A8F5C24C2992A00D8384F /* ReviewMutation.graphql */; };
		B03A8F5F24C29ED600D8384F /* GetReview.graphql in Resources */ = {isa = PBXBuildFile; fileRef = B03A8F5E24C29ED600D8384F /* GetReview.graphql */; };
/* End PBXBuildFile section */

/* Begin PBXFileReference section */
		16F96BC42974B395CEB2B349 /* Pods-QLTest.debug.xcconfig */ = {isa = PBXFileReference; includeInIndex = 1; lastKnownFileType = text.xcconfig; name = "Pods-QLTest.debug.xcconfig"; path = "Target Support Files/Pods-QLTest/Pods-QLTest.debug.xcconfig"; sourceTree = "<group>"; };
		60059D0F878F9DD78F47455B /* Pods_QLTest.framework */ = {isa = PBXFileReference; explicitFileType = wrapper.framework; includeInIndex = 0; path = Pods_QLTest.framework; sourceTree = BUILT_PRODUCTS_DIR; };
		B01B42D224C3FCFA00307780 /* HerosAndFriends.graphql */ = {isa = PBXFileReference; lastKnownFileType = text; path = HerosAndFriends.graphql; sourceTree = "<group>"; };
		B03A8F3624C1625000D8384F /* QLTest.app */ = {isa = PBXFileReference; explicitFileType = wrapper.application; includeInIndex = 0; path = QLTest.app; sourceTree = BUILT_PRODUCTS_DIR; };
		B03A8F3924C1625000D8384F /* AppDelegate.swift */ = {isa = PBXFileReference; lastKnownFileType = sourcecode.swift; path = AppDelegate.swift; sourceTree = "<group>"; };
		B03A8F3B24C1625000D8384F /* SceneDelegate.swift */ = {isa = PBXFileReference; lastKnownFileType = sourcecode.swift; path = SceneDelegate.swift; sourceTree = "<group>"; };
		B03A8F3D24C1625000D8384F /* ViewController.swift */ = {isa = PBXFileReference; lastKnownFileType = sourcecode.swift; path = ViewController.swift; sourceTree = "<group>"; };
		B03A8F4024C1625000D8384F /* Base */ = {isa = PBXFileReference; lastKnownFileType = file.storyboard; name = Base; path = Base.lproj/Main.storyboard; sourceTree = "<group>"; };
		B03A8F4224C1625400D8384F /* Assets.xcassets */ = {isa = PBXFileReference; lastKnownFileType = folder.assetcatalog; path = Assets.xcassets; sourceTree = "<group>"; };
		B03A8F4524C1625400D8384F /* Base */ = {isa = PBXFileReference; lastKnownFileType = file.storyboard; name = Base; path = Base.lproj/LaunchScreen.storyboard; sourceTree = "<group>"; };
		B03A8F4724C1625400D8384F /* Info.plist */ = {isa = PBXFileReference; lastKnownFileType = text.plist.xml; path = Info.plist; sourceTree = "<group>"; };
		B03A8F4F24C1645300D8384F /* Hero.graphql */ = {isa = PBXFileReference; lastKnownFileType = text; path = Hero.graphql; sourceTree = "<group>"; };
		B03A8F5224C166C800D8384F /* schema.json */ = {isa = PBXFileReference; fileEncoding = 4; lastKnownFileType = text.json; path = schema.json; sourceTree = "<group>"; };
		B03A8F5424C166FB00D8384F /* API.swift */ = {isa = PBXFileReference; fileEncoding = 4; lastKnownFileType = sourcecode.swift; path = API.swift; sourceTree = "<group>"; };
		B03A8F5624C16BF600D8384F /* Network.swift */ = {isa = PBXFileReference; lastKnownFileType = sourcecode.swift; path = Network.swift; sourceTree = "<group>"; };
		B03A8F5C24C2992A00D8384F /* ReviewMutation.graphql */ = {isa = PBXFileReference; lastKnownFileType = text; path = ReviewMutation.graphql; sourceTree = "<group>"; };
		B03A8F5E24C29ED600D8384F /* GetReview.graphql */ = {isa = PBXFileReference; lastKnownFileType = text; path = GetReview.graphql; sourceTree = "<group>"; };
		C587945F5441CB3702C18C58 /* Pods-QLTest.release.xcconfig */ = {isa = PBXFileReference; includeInIndex = 1; lastKnownFileType = text.xcconfig; name = "Pods-QLTest.release.xcconfig"; path = "Target Support Files/Pods-QLTest/Pods-QLTest.release.xcconfig"; sourceTree = "<group>"; };
/* End PBXFileReference section */

/* Begin PBXFrameworksBuildPhase section */
		B03A8F3324C1625000D8384F /* Frameworks */ = {
			isa = PBXFrameworksBuildPhase;
			buildActionMask = 2147483647;
			files = (
				6478512570C2277E17582F3F /* Pods_QLTest.framework in Frameworks */,
			);
			runOnlyForDeploymentPostprocessing = 0;
		};
/* End PBXFrameworksBuildPhase section */

/* Begin PBXGroup section */
		36EC7E7CFE935B0083BB53DE /* Frameworks */ = {
			isa = PBXGroup;
			children = (
				60059D0F878F9DD78F47455B /* Pods_QLTest.framework */,
			);
			name = Frameworks;
			sourceTree = "<group>";
		};
		A67A929618F706A2B8342CD1 /* Pods */ = {
			isa = PBXGroup;
			children = (
				16F96BC42974B395CEB2B349 /* Pods-QLTest.debug.xcconfig */,
				C587945F5441CB3702C18C58 /* Pods-QLTest.release.xcconfig */,
			);
			path = Pods;
			sourceTree = "<group>";
		};
		B03A8F2D24C1625000D8384F = {
			isa = PBXGroup;
			children = (
				B03A8F3824C1625000D8384F /* QLTest */,
				B03A8F3724C1625000D8384F /* Products */,
				A67A929618F706A2B8342CD1 /* Pods */,
				36EC7E7CFE935B0083BB53DE /* Frameworks */,
			);
			sourceTree = "<group>";
		};
		B03A8F3724C1625000D8384F /* Products */ = {
			isa = PBXGroup;
			children = (
				B03A8F3624C1625000D8384F /* QLTest.app */,
			);
			name = Products;
			sourceTree = "<group>";
		};
		B03A8F3824C1625000D8384F /* QLTest */ = {
			isa = PBXGroup;
			children = (
				B03A8F5424C166FB00D8384F /* API.swift */,
				B03A8F5224C166C800D8384F /* schema.json */,
				B03A8F4F24C1645300D8384F /* Hero.graphql */,
				B03A8F3924C1625000D8384F /* AppDelegate.swift */,
				B03A8F3B24C1625000D8384F /* SceneDelegate.swift */,
				B03A8F3D24C1625000D8384F /* ViewController.swift */,
				B03A8F3F24C1625000D8384F /* Main.storyboard */,
				B03A8F4224C1625400D8384F /* Assets.xcassets */,
				B03A8F4424C1625400D8384F /* LaunchScreen.storyboard */,
				B03A8F4724C1625400D8384F /* Info.plist */,
				B03A8F5624C16BF600D8384F /* Network.swift */,
				B03A8F5C24C2992A00D8384F /* ReviewMutation.graphql */,
				B03A8F5E24C29ED600D8384F /* GetReview.graphql */,
				B01B42D224C3FCFA00307780 /* HerosAndFriends.graphql */,
			);
			path = QLTest;
			sourceTree = "<group>";
		};
/* End PBXGroup section */

/* Begin PBXNativeTarget section */
		B03A8F3524C1625000D8384F /* QLTest */ = {
			isa = PBXNativeTarget;
			buildConfigurationList = B03A8F4A24C1625400D8384F /* Build configuration list for PBXNativeTarget "QLTest" */;
			buildPhases = (
				772E5B03D88A6490C873F3C1 /* [CP] Check Pods Manifest.lock */,
				B03A8F5124C1649700D8384F /* Generate API file */,
				B03A8F3224C1625000D8384F /* Sources */,
				B03A8F3324C1625000D8384F /* Frameworks */,
				B03A8F3424C1625000D8384F /* Resources */,
				926E90B8B8AA4859D9BE330F /* [CP] Embed Pods Frameworks */,
			);
			buildRules = (
			);
			dependencies = (
			);
			name = QLTest;
			productName = QLTest;
			productReference = B03A8F3624C1625000D8384F /* QLTest.app */;
			productType = "com.apple.product-type.application";
		};
/* End PBXNativeTarget section */

/* Begin PBXProject section */
		B03A8F2E24C1625000D8384F /* Project object */ = {
			isa = PBXProject;
			attributes = {
				LastSwiftUpdateCheck = 1150;
				LastUpgradeCheck = 1150;
				ORGANIZATIONNAME = "Zin Min Phyo";
				TargetAttributes = {
					B03A8F3524C1625000D8384F = {
						CreatedOnToolsVersion = 11.5;
					};
				};
			};
			buildConfigurationList = B03A8F3124C1625000D8384F /* Build configuration list for PBXProject "QLTest" */;
			compatibilityVersion = "Xcode 9.3";
			developmentRegion = en;
			hasScannedForEncodings = 0;
			knownRegions = (
				en,
				Base,
			);
			mainGroup = B03A8F2D24C1625000D8384F;
			productRefGroup = B03A8F3724C1625000D8384F /* Products */;
			projectDirPath = "";
			projectRoot = "";
			targets = (
				B03A8F3524C1625000D8384F /* QLTest */,
			);
		};
/* End PBXProject section */

/* Begin PBXResourcesBuildPhase section */
		B03A8F3424C1625000D8384F /* Resources */ = {
			isa = PBXResourcesBuildPhase;
			buildActionMask = 2147483647;
			files = (
				B03A8F5024C1645300D8384F /* Hero.graphql in Resources */,
				B03A8F5324C166C800D8384F /* schema.json in Resources */,
				B03A8F5D24C2992A00D8384F /* ReviewMutation.graphql in Resources */,
				B01B42D324C3FCFA00307780 /* HerosAndFriends.graphql in Resources */,
				B03A8F4624C1625400D8384F /* LaunchScreen.storyboard in Resources */,
				B03A8F4324C1625400D8384F /* Assets.xcassets in Resources */,
				B03A8F4124C1625000D8384F /* Main.storyboard in Resources */,
				B03A8F5F24C29ED600D8384F /* GetReview.graphql in Resources */,
			);
			runOnlyForDeploymentPostprocessing = 0;
		};
/* End PBXResourcesBuildPhase section */

/* Begin PBXShellScriptBuildPhase section */
		772E5B03D88A6490C873F3C1 /* [CP] Check Pods Manifest.lock */ = {
			isa = PBXShellScriptBuildPhase;
			buildActionMask = 2147483647;
			files = (
			);
			inputFileListPaths = (
			);
			inputPaths = (
				"${PODS_PODFILE_DIR_PATH}/Podfile.lock",
				"${PODS_ROOT}/Manifest.lock",
			);
			name = "[CP] Check Pods Manifest.lock";
			outputFileListPaths = (
			);
			outputPaths = (
				"$(DERIVED_FILE_DIR)/Pods-QLTest-checkManifestLockResult.txt",
			);
			runOnlyForDeploymentPostprocessing = 0;
			shellPath = /bin/sh;
			shellScript = "diff \"${PODS_PODFILE_DIR_PATH}/Podfile.lock\" \"${PODS_ROOT}/Manifest.lock\" > /dev/null\nif [ $? != 0 ] ; then\n    # print error to STDERR\n    echo \"error: The sandbox is not in sync with the Podfile.lock. Run 'pod install' or update your CocoaPods installation.\" >&2\n    exit 1\nfi\n# This output is used by Xcode 'outputs' to avoid re-running this script phase.\necho \"SUCCESS\" > \"${SCRIPT_OUTPUT_FILE_0}\"\n";
			showEnvVarsInLog = 0;
		};
		926E90B8B8AA4859D9BE330F /* [CP] Embed Pods Frameworks */ = {
			isa = PBXShellScriptBuildPhase;
			buildActionMask = 2147483647;
			files = (
			);
			inputFileListPaths = (
				"${PODS_ROOT}/Target Support Files/Pods-QLTest/Pods-QLTest-frameworks-${CONFIGURATION}-input-files.xcfilelist",
			);
			name = "[CP] Embed Pods Frameworks";
			outputFileListPaths = (
				"${PODS_ROOT}/Target Support Files/Pods-QLTest/Pods-QLTest-frameworks-${CONFIGURATION}-output-files.xcfilelist",
			);
			runOnlyForDeploymentPostprocessing = 0;
			shellPath = /bin/sh;
			shellScript = "\"${PODS_ROOT}/Target Support Files/Pods-QLTest/Pods-QLTest-frameworks.sh\"\n";
			showEnvVarsInLog = 0;
		};
		B03A8F5124C1649700D8384F /* Generate API file */ = {
			isa = PBXShellScriptBuildPhase;
			buildActionMask = 2147483647;
			files = (
			);
			inputFileListPaths = (
			);
			inputPaths = (
			);
			name = "Generate API file";
			outputFileListPaths = (
			);
			outputPaths = (
			);
			runOnlyForDeploymentPostprocessing = 0;
			shellPath = /bin/sh;
			shellScript = "# Type a script or drag a script file from your workspace to insert its path.\nSCRIPT_PATH=\"${PODS_ROOT}/Apollo/scripts\"\ncd \"${SRCROOT}/${TARGET_NAME}\"\n\"${SCRIPT_PATH}\"/run-bundled-codegen.sh codegen:generate --target=swift --includes=./**/*.graphql --localSchemaFile=\"schema.json\" API.swift\n";
		};
/* End PBXShellScriptBuildPhase section */

/* Begin PBXSourcesBuildPhase section */
		B03A8F3224C1625000D8384F /* Sources */ = {
			isa = PBXSourcesBuildPhase;
			buildActionMask = 2147483647;
			files = (
				B03A8F5724C16BF600D8384F /* Network.swift in Sources */,
				B03A8F3E24C1625000D8384F /* ViewController.swift in Sources */,
				B03A8F3A24C1625000D8384F /* AppDelegate.swift in Sources */,
				B03A8F5524C166FB00D8384F /* API.swift in Sources */,
				B03A8F3C24C1625000D8384F /* SceneDelegate.swift in Sources */,
			);
			runOnlyForDeploymentPostprocessing = 0;
		};
/* End PBXSourcesBuildPhase section */

/* Begin PBXVariantGroup section */
		B03A8F3F24C1625000D8384F /* Main.storyboard */ = {
			isa = PBXVariantGroup;
			children = (
				B03A8F4024C1625000D8384F /* Base */,
			);
			name = Main.storyboard;
			sourceTree = "<group>";
		};
		B03A8F4424C1625400D8384F /* LaunchScreen.storyboard */ = {
			isa = PBXVariantGroup;
			children = (
				B03A8F4524C1625400D8384F /* Base */,
			);
			name = LaunchScreen.storyboard;
			sourceTree = "<group>";
		};
/* End PBXVariantGroup section */

/* Begin XCBuildConfiguration section */
		B03A8F4824C1625400D8384F /* Debug */ = {
			isa = XCBuildConfiguration;
			buildSettings = {
				ALWAYS_SEARCH_USER_PATHS = NO;
				CLANG_ANALYZER_NONNULL = YES;
				CLANG_ANALYZER_NUMBER_OBJECT_CONVERSION = YES_AGGRESSIVE;
				CLANG_CXX_LANGUAGE_STANDARD = "gnu++14";
				CLANG_CXX_LIBRARY = "libc++";
				CLANG_ENABLE_MODULES = YES;
				CLANG_ENABLE_OBJC_ARC = YES;
				CLANG_ENABLE_OBJC_WEAK = YES;
				CLANG_WARN_BLOCK_CAPTURE_AUTORELEASING = YES;
				CLANG_WARN_BOOL_CONVERSION = YES;
				CLANG_WARN_COMMA = YES;
				CLANG_WARN_CONSTANT_CONVERSION = YES;
				CLANG_WARN_DEPRECATED_OBJC_IMPLEMENTATIONS = YES;
				CLANG_WARN_DIRECT_OBJC_ISA_USAGE = YES_ERROR;
				CLANG_WARN_DOCUMENTATION_COMMENTS = YES;
				CLANG_WARN_EMPTY_BODY = YES;
				CLANG_WARN_ENUM_CONVERSION = YES;
				CLANG_WARN_INFINITE_RECURSION = YES;
				CLANG_WARN_INT_CONVERSION = YES;
				CLANG_WARN_NON_LITERAL_NULL_CONVERSION = YES;
				CLANG_WARN_OBJC_IMPLICIT_RETAIN_SELF = YES;
				CLANG_WARN_OBJC_LITERAL_CONVERSION = YES;
				CLANG_WARN_OBJC_ROOT_CLASS = YES_ERROR;
				CLANG_WARN_RANGE_LOOP_ANALYSIS = YES;
				CLANG_WARN_STRICT_PROTOTYPES = YES;
				CLANG_WARN_SUSPICIOUS_MOVE = YES;
				CLANG_WARN_UNGUARDED_AVAILABILITY = YES_AGGRESSIVE;
				CLANG_WARN_UNREACHABLE_CODE = YES;
				CLANG_WARN__DUPLICATE_METHOD_MATCH = YES;
				COPY_PHASE_STRIP = NO;
				DEBUG_INFORMATION_FORMAT = dwarf;
				ENABLE_STRICT_OBJC_MSGSEND = YES;
				ENABLE_TESTABILITY = YES;
				GCC_C_LANGUAGE_STANDARD = gnu11;
				GCC_DYNAMIC_NO_PIC = NO;
				GCC_NO_COMMON_BLOCKS = YES;
				GCC_OPTIMIZATION_LEVEL = 0;
				GCC_PREPROCESSOR_DEFINITIONS = (
					"DEBUG=1",
					"$(inherited)",
				);
				GCC_WARN_64_TO_32_BIT_CONVERSION = YES;
				GCC_WARN_ABOUT_RETURN_TYPE = YES_ERROR;
				GCC_WARN_UNDECLARED_SELECTOR = YES;
				GCC_WARN_UNINITIALIZED_AUTOS = YES_AGGRESSIVE;
				GCC_WARN_UNUSED_FUNCTION = YES;
				GCC_WARN_UNUSED_VARIABLE = YES;
				IPHONEOS_DEPLOYMENT_TARGET = 13.5;
				MTL_ENABLE_DEBUG_INFO = INCLUDE_SOURCE;
				MTL_FAST_MATH = YES;
				ONLY_ACTIVE_ARCH = YES;
				SDKROOT = iphoneos;
				SWIFT_ACTIVE_COMPILATION_CONDITIONS = DEBUG;
				SWIFT_OPTIMIZATION_LEVEL = "-Onone";
			};
			name = Debug;
		};
		B03A8F4924C1625400D8384F /* Release */ = {
			isa = XCBuildConfiguration;
			buildSettings = {
				ALWAYS_SEARCH_USER_PATHS = NO;
				CLANG_ANALYZER_NONNULL = YES;
				CLANG_ANALYZER_NUMBER_OBJECT_CONVERSION = YES_AGGRESSIVE;
				CLANG_CXX_LANGUAGE_STANDARD = "gnu++14";
				CLANG_CXX_LIBRARY = "libc++";
				CLANG_ENABLE_MODULES = YES;
				CLANG_ENABLE_OBJC_ARC = YES;
				CLANG_ENABLE_OBJC_WEAK = YES;
				CLANG_WARN_BLOCK_CAPTURE_AUTORELEASING = YES;
				CLANG_WARN_BOOL_CONVERSION = YES;
				CLANG_WARN_COMMA = YES;
				CLANG_WARN_CONSTANT_CONVERSION = YES;
				CLANG_WARN_DEPRECATED_OBJC_IMPLEMENTATIONS = YES;
				CLANG_WARN_DIRECT_OBJC_ISA_USAGE = YES_ERROR;
				CLANG_WARN_DOCUMENTATION_COMMENTS = YES;
				CLANG_WARN_EMPTY_BODY = YES;
				CLANG_WARN_ENUM_CONVERSION = YES;
				CLANG_WARN_INFINITE_RECURSION = YES;
				CLANG_WARN_INT_CONVERSION = YES;
				CLANG_WARN_NON_LITERAL_NULL_CONVERSION = YES;
				CLANG_WARN_OBJC_IMPLICIT_RETAIN_SELF = YES;
				CLANG_WARN_OBJC_LITERAL_CONVERSION = YES;
				CLANG_WARN_OBJC_ROOT_CLASS = YES_ERROR;
				CLANG_WARN_RANGE_LOOP_ANALYSIS = YES;
				CLANG_WARN_STRICT_PROTOTYPES = YES;
				CLANG_WARN_SUSPICIOUS_MOVE = YES;
				CLANG_WARN_UNGUARDED_AVAILABILITY = YES_AGGRESSIVE;
				CLANG_WARN_UNREACHABLE_CODE = YES;
				CLANG_WARN__DUPLICATE_METHOD_MATCH = YES;
				COPY_PHASE_STRIP = NO;
				DEBUG_INFORMATION_FORMAT = "dwarf-with-dsym";
				ENABLE_NS_ASSERTIONS = NO;
				ENABLE_STRICT_OBJC_MSGSEND = YES;
				GCC_C_LANGUAGE_STANDARD = gnu11;
				GCC_NO_COMMON_BLOCKS = YES;
				GCC_WARN_64_TO_32_BIT_CONVERSION = YES;
				GCC_WARN_ABOUT_RETURN_TYPE = YES_ERROR;
				GCC_WARN_UNDECLARED_SELECTOR = YES;
				GCC_WARN_UNINITIALIZED_AUTOS = YES_AGGRESSIVE;
				GCC_WARN_UNUSED_FUNCTION = YES;
				GCC_WARN_UNUSED_VARIABLE = YES;
				IPHONEOS_DEPLOYMENT_TARGET = 13.5;
				MTL_ENABLE_DEBUG_INFO = NO;
				MTL_FAST_MATH = YES;
				SDKROOT = iphoneos;
				SWIFT_COMPILATION_MODE = wholemodule;
				SWIFT_OPTIMIZATION_LEVEL = "-O";
				VALIDATE_PRODUCT = YES;
			};
			name = Release;
		};
		B03A8F4B24C1625400D8384F /* Debug */ = {
			isa = XCBuildConfiguration;
			baseConfigurationReference = 16F96BC42974B395CEB2B349 /* Pods-QLTest.debug.xcconfig */;
			buildSettings = {
				ASSETCATALOG_COMPILER_APPICON_NAME = AppIcon;
				CODE_SIGN_STYLE = Automatic;
				INFOPLIST_FILE = QLTest/Info.plist;
				LD_RUNPATH_SEARCH_PATHS = (
					"$(inherited)",
					"@executable_path/Frameworks",
				);
				PRODUCT_BUNDLE_IDENTIFIER = com.zinminphyo.QLTest;
				PRODUCT_NAME = "$(TARGET_NAME)";
				SWIFT_VERSION = 5.0;
				TARGETED_DEVICE_FAMILY = "1,2";
			};
			name = Debug;
		};
		B03A8F4C24C1625400D8384F /* Release */ = {
			isa = XCBuildConfiguration;
			baseConfigurationReference = C587945F5441CB3702C18C58 /* Pods-QLTest.release.xcconfig */;
			buildSettings = {
				ASSETCATALOG_COMPILER_APPICON_NAME = AppIcon;
				CODE_SIGN_STYLE = Automatic;
				INFOPLIST_FILE = QLTest/Info.plist;
				LD_RUNPATH_SEARCH_PATHS = (
					"$(inherited)",
					"@executable_path/Frameworks",
				);
				PRODUCT_BUNDLE_IDENTIFIER = com.zinminphyo.QLTest;
				PRODUCT_NAME = "$(TARGET_NAME)";
				SWIFT_VERSION = 5.0;
				TARGETED_DEVICE_FAMILY = "1,2";
			};
			name = Release;
		};
/* End XCBuildConfiguration section */

/* Begin XCConfigurationList section */
		B03A8F3124C1625000D8384F /* Build configuration list for PBXProject "QLTest" */ = {
			isa = XCConfigurationList;
			buildConfigurations = (
				B03A8F4824C1625400D8384F /* Debug */,
				B03A8F4924C1625400D8384F /* Release */,
			);
			defaultConfigurationIsVisible = 0;
			defaultConfigurationName = Release;
		};
		B03A8F4A24C1625400D8384F /* Build configuration list for PBXNativeTarget "QLTest" */ = {
			isa = XCConfigurationList;
			buildConfigurations = (
				B03A8F4B24C1625400D8384F /* Debug */,
				B03A8F4C24C1625400D8384F /* Release */,
			);
			defaultConfigurationIsVisible = 0;
			defaultConfigurationName = Release;
		};
/* End XCConfigurationList section */
	};
	rootObject = B03A8F2E24C1625000D8384F /* Project object */;
}
